
Microsoft Visual Studio Solution File, Format Version 12.00
# Visual Studio 14
VisualStudioVersion = 14.0.24720.0
MinimumVisualStudioVersion = 10.0.40219.1
Project("{2150E333-8FDC-42A3-9474-1A3956D46DE8}") = "src", "src", "{3E8AC7E7-0E7C-485E-8A25-10CE1180978F}"
EndProject
Project("{2150E333-8FDC-42A3-9474-1A3956D46DE8}") = "Solution Items", "Solution Items", "{B7705E4F-42C5-402B-827D-42E307AF2941}"
	ProjectSection(SolutionItems) = preProject
		global.json = global.json
	EndProjectSection
EndProject
Project("{8BB2217D-0F2D-49D1-97BC-3654ED321F3B}") = "ASPNET5", "src\ASPNET5\ASPNET5.xproj", "{0CFBDB3F-1371-4A15-A9C5-1A5FABE2B7C0}"
EndProject
Global
	GlobalSection(SolutionConfigurationPlatforms) = preSolution
		Debug|Any CPU = Debug|Any CPU
		Release|Any CPU = Release|Any CPU
	EndGlobalSection
	GlobalSection(ProjectConfigurationPlatforms) = postSolution
		{0CFBDB3F-1371-4A15-A9C5-1A5FABE2B7C0}.Debug|Any CPU.ActiveCfg = Debug|Any CPU
		{0CFBDB3F-1371-4A15-A9C5-1A5FABE2B7C0}.Debug|Any CPU.Build.0 = Debug|Any CPU
		{0CFBDB3F-1371-4A15-A9C5-1A5FABE2B7C0}.Release|Any CPU.ActiveCfg = Release|Any CPU
		{0CFBDB3F-1371-4A15-A9C5-1A5FABE2B7C0}.Release|Any CPU.Build.0 = Release|Any CPU
	EndGlobalSection
	GlobalSection(SolutionProperties) = preSolution
		HideSolutionNode = FALSE
	EndGlobalSection
	GlobalSection(NestedProjects) = preSolution
		{0CFBDB3F-1371-4A15-A9C5-1A5FABE2B7C0} = {3E8AC7E7-0E7C-485E-8A25-10CE1180978F}
	EndGlobalSection
EndGlobal
